
Microsoft Visual Studio Solution File, Format Version 12.00
# Visual Studio Version 16
VisualStudioVersion = 16.0.33801.447
MinimumVisualStudioVersion = 10.0.40219.1
Project("{9A19103F-16F7-4668-BE54-9A1E7A4F7556}") = "Aula_14_09_2023", "Aula_14_09_2023\Aula_14_09_2023.csproj", "{13C3FAAB-AD01-4869-BC19-7D29AAAB8F6C}"
EndProject
Project("{9A19103F-16F7-4668-BE54-9A1E7A4F7556}") = "Aula_19_09_2023_IfElse", "Aula_19_09_2023\Aula_19_09_2023_IfElse.csproj", "{F85EF3AE-8015-475D-A97B-FC82152693F2}"
EndProject
Project("{9A19103F-16F7-4668-BE54-9A1E7A4F7556}") = "Aula_26_09_2023_IfElse", "Aula_26_09_2023\Aula_26_09_2023_IfElse.csproj", "{22FD13C8-D8A5-4FC0-8DDB-3ED064D086E2}"
EndProject
Project("{9A19103F-16F7-4668-BE54-9A1E7A4F7556}") = "Aula_05_10_2023_ExIfElse", "Aula_05_10_2023\Aula_05_10_2023_ExIfElse.csproj", "{FD734E05-A366-4B94-A4BC-4E23BD821747}"
EndProject
Project("{9A19103F-16F7-4668-BE54-9A1E7A4F7556}") = "Aula_17_10_2023_Switch", "Aula_17_10_2023\Aula_17_10_2023_Switch.csproj", "{C0B41EE9-C538-44F4-9E41-31973713408F}"
EndProject
Project("{9A19103F-16F7-4668-BE54-9A1E7A4F7556}") = "Aula_19_10_2023_While", "Aula 19_10_2023\Aula_19_10_2023_While.csproj", "{80DBCB28-9A37-460D-A0EB-0892768E5CED}"
EndProject
Project("{9A19103F-16F7-4668-BE54-9A1E7A4F7556}") = "Aula_19_10_2023_While2", "Aula_19_10_2023\Aula_19_10_2023_While2.csproj", "{8D6E5571-8A10-48BC-B563-7E8E75A32FF2}"
EndProject
Project("{9A19103F-16F7-4668-BE54-9A1E7A4F7556}") = "Aula_19_10_2023_While3", "Aula_19_10_2023_While3\Aula_19_10_2023_While3.csproj", "{16DA4A97-6E47-46D8-AEA3-DA50A48E534A}"
EndProject
Project("{9A19103F-16F7-4668-BE54-9A1E7A4F7556}") = "Aula_26_10_2023_DoWhile", "Aula 26_10_2023_DoWhile\Aula_26_10_2023_DoWhile.csproj", "{8393CA99-9D25-4397-8768-BEE20E210BC2}"
EndProject
Project("{9A19103F-16F7-4668-BE54-9A1E7A4F7556}") = "Aula_26_10_2023_DoWhile2", "Aula 26_10_2023_DoWhile2\Aula_26_10_2023_DoWhile2.csproj", "{BDDABCC5-F684-4FF7-9206-70866936EB1E}"
EndProject
Project("{9A19103F-16F7-4668-BE54-9A1E7A4F7556}") = "Aula_07_11_2023_For", "Aula_07_11_2023\Aula_07_11_2023_For.csproj", "{DB622CDF-7FFC-4144-B562-3D7062D8077D}"
EndProject
Project("{9A19103F-16F7-4668-BE54-9A1E7A4F7556}") = "Aula_07_11_2023_For2", "Aula_07_11_2023_For2\Aula_07_11_2023_For2.csproj", "{0EBDFD07-7594-4BFA-8702-E1075830E976}"
EndProject
Project("{9A19103F-16F7-4668-BE54-9A1E7A4F7556}") = "Aula_07_11_2023_IP", "Aula_07_11_2023_IP\Aula_07_11_2023_IP.csproj", "{248ED0C3-AE44-499F-B915-BE4BB92D2F6B}"
EndProject
Project("{FAE04EC0-301F-11D3-BF4B-00C04F79EFBC}") = "Aula_09_11_2023_ExWhile", "Aula_09_11_2023_ExWhile\Aula_09_11_2023_ExWhile.csproj", "{4FE8CF57-26F6-4879-B6CD-3E4CD4241A11}"
EndProject
Global
	GlobalSection(SolutionConfigurationPlatforms) = preSolution
		Debug|Any CPU = Debug|Any CPU
		Release|Any CPU = Release|Any CPU
	EndGlobalSection
	GlobalSection(ProjectConfigurationPlatforms) = postSolution
		{13C3FAAB-AD01-4869-BC19-7D29AAAB8F6C}.Debug|Any CPU.ActiveCfg = Debug|Any CPU
		{13C3FAAB-AD01-4869-BC19-7D29AAAB8F6C}.Debug|Any CPU.Build.0 = Debug|Any CPU
		{13C3FAAB-AD01-4869-BC19-7D29AAAB8F6C}.Release|Any CPU.ActiveCfg = Release|Any CPU
		{13C3FAAB-AD01-4869-BC19-7D29AAAB8F6C}.Release|Any CPU.Build.0 = Release|Any CPU
		{F85EF3AE-8015-475D-A97B-FC82152693F2}.Debug|Any CPU.ActiveCfg = Debug|Any CPU
		{F85EF3AE-8015-475D-A97B-FC82152693F2}.Debug|Any CPU.Build.0 = Debug|Any CPU
		{F85EF3AE-8015-475D-A97B-FC82152693F2}.Release|Any CPU.ActiveCfg = Release|Any CPU
		{F85EF3AE-8015-475D-A97B-FC82152693F2}.Release|Any CPU.Build.0 = Release|Any CPU
		{22FD13C8-D8A5-4FC0-8DDB-3ED064D086E2}.Debug|Any CPU.ActiveCfg = Debug|Any CPU
		{22FD13C8-D8A5-4FC0-8DDB-3ED064D086E2}.Debug|Any CPU.Build.0 = Debug|Any CPU
		{22FD13C8-D8A5-4FC0-8DDB-3ED064D086E2}.Release|Any CPU.ActiveCfg = Release|Any CPU
		{22FD13C8-D8A5-4FC0-8DDB-3ED064D086E2}.Release|Any CPU.Build.0 = Release|Any CPU
		{FD734E05-A366-4B94-A4BC-4E23BD821747}.Debug|Any CPU.ActiveCfg = Debug|Any CPU
		{FD734E05-A366-4B94-A4BC-4E23BD821747}.Debug|Any CPU.Build.0 = Debug|Any CPU
		{FD734E05-A366-4B94-A4BC-4E23BD821747}.Release|Any CPU.ActiveCfg = Release|Any CPU
		{FD734E05-A366-4B94-A4BC-4E23BD821747}.Release|Any CPU.Build.0 = Release|Any CPU
		{C0B41EE9-C538-44F4-9E41-31973713408F}.Debug|Any CPU.ActiveCfg = Debug|Any CPU
		{C0B41EE9-C538-44F4-9E41-31973713408F}.Debug|Any CPU.Build.0 = Debug|Any CPU
		{C0B41EE9-C538-44F4-9E41-31973713408F}.Release|Any CPU.ActiveCfg = Release|Any CPU
		{C0B41EE9-C538-44F4-9E41-31973713408F}.Release|Any CPU.Build.0 = Release|Any CPU
		{80DBCB28-9A37-460D-A0EB-0892768E5CED}.Debug|Any CPU.ActiveCfg = Debug|Any CPU
		{80DBCB28-9A37-460D-A0EB-0892768E5CED}.Debug|Any CPU.Build.0 = Debug|Any CPU
		{80DBCB28-9A37-460D-A0EB-0892768E5CED}.Release|Any CPU.ActiveCfg = Release|Any CPU
		{80DBCB28-9A37-460D-A0EB-0892768E5CED}.Release|Any CPU.Build.0 = Release|Any CPU
		{8D6E5571-8A10-48BC-B563-7E8E75A32FF2}.Debug|Any CPU.ActiveCfg = Debug|Any CPU
		{8D6E5571-8A10-48BC-B563-7E8E75A32FF2}.Debug|Any CPU.Build.0 = Debug|Any CPU
		{8D6E5571-8A10-48BC-B563-7E8E75A32FF2}.Release|Any CPU.ActiveCfg = Release|Any CPU
		{8D6E5571-8A10-48BC-B563-7E8E75A32FF2}.Release|Any CPU.Build.0 = Release|Any CPU
		{16DA4A97-6E47-46D8-AEA3-DA50A48E534A}.Debug|Any CPU.ActiveCfg = Debug|Any CPU
		{16DA4A97-6E47-46D8-AEA3-DA50A48E534A}.Debug|Any CPU.Build.0 = Debug|Any CPU
		{16DA4A97-6E47-46D8-AEA3-DA50A48E534A}.Release|Any CPU.ActiveCfg = Release|Any CPU
		{16DA4A97-6E47-46D8-AEA3-DA50A48E534A}.Release|Any CPU.Build.0 = Release|Any CPU
		{8393CA99-9D25-4397-8768-BEE20E210BC2}.Debug|Any CPU.ActiveCfg = Debug|Any CPU
		{8393CA99-9D25-4397-8768-BEE20E210BC2}.Debug|Any CPU.Build.0 = Debug|Any CPU
		{8393CA99-9D25-4397-8768-BEE20E210BC2}.Release|Any CPU.ActiveCfg = Release|Any CPU
		{8393CA99-9D25-4397-8768-BEE20E210BC2}.Release|Any CPU.Build.0 = Release|Any CPU
		{BDDABCC5-F684-4FF7-9206-70866936EB1E}.Debug|Any CPU.ActiveCfg = Debug|Any CPU
		{BDDABCC5-F684-4FF7-9206-70866936EB1E}.Debug|Any CPU.Build.0 = Debug|Any CPU
		{BDDABCC5-F684-4FF7-9206-70866936EB1E}.Release|Any CPU.ActiveCfg = Release|Any CPU
		{BDDABCC5-F684-4FF7-9206-70866936EB1E}.Release|Any CPU.Build.0 = Release|Any CPU
		{DB622CDF-7FFC-4144-B562-3D7062D8077D}.Debug|Any CPU.ActiveCfg = Debug|Any CPU
		{DB622CDF-7FFC-4144-B562-3D7062D8077D}.Debug|Any CPU.Build.0 = Debug|Any CPU
		{DB622CDF-7FFC-4144-B562-3D7062D8077D}.Release|Any CPU.ActiveCfg = Release|Any CPU
		{DB622CDF-7FFC-4144-B562-3D7062D8077D}.Release|Any CPU.Build.0 = Release|Any CPU
		{0EBDFD07-7594-4BFA-8702-E1075830E976}.Debug|Any CPU.ActiveCfg = Debug|Any CPU
		{0EBDFD07-7594-4BFA-8702-E1075830E976}.Debug|Any CPU.Build.0 = Debug|Any CPU
		{0EBDFD07-7594-4BFA-8702-E1075830E976}.Release|Any CPU.ActiveCfg = Release|Any CPU
		{0EBDFD07-7594-4BFA-8702-E1075830E976}.Release|Any CPU.Build.0 = Release|Any CPU
		{248ED0C3-AE44-499F-B915-BE4BB92D2F6B}.Debug|Any CPU.ActiveCfg = Debug|Any CPU
		{248ED0C3-AE44-499F-B915-BE4BB92D2F6B}.Debug|Any CPU.Build.0 = Debug|Any CPU
		{248ED0C3-AE44-499F-B915-BE4BB92D2F6B}.Release|Any CPU.ActiveCfg = Release|Any CPU
		{248ED0C3-AE44-499F-B915-BE4BB92D2F6B}.Release|Any CPU.Build.0 = Release|Any CPU
		{4FE8CF57-26F6-4879-B6CD-3E4CD4241A11}.Debug|Any CPU.ActiveCfg = Debug|Any CPU
		{4FE8CF57-26F6-4879-B6CD-3E4CD4241A11}.Debug|Any CPU.Build.0 = Debug|Any CPU
		{4FE8CF57-26F6-4879-B6CD-3E4CD4241A11}.Release|Any CPU.ActiveCfg = Release|Any CPU
		{4FE8CF57-26F6-4879-B6CD-3E4CD4241A11}.Release|Any CPU.Build.0 = Release|Any CPU
	EndGlobalSection
	GlobalSection(SolutionProperties) = preSolution
		HideSolutionNode = FALSE
	EndGlobalSection
	GlobalSection(ExtensibilityGlobals) = postSolution
		SolutionGuid = {20961B6C-AB0B-457D-934D-D11BBB946B9B}
	EndGlobalSection
EndGlobal
