
Microsoft Visual Studio Solution File, Format Version 12.00
# Visual Studio Version 16
VisualStudioVersion = 16.0.33801.447
MinimumVisualStudioVersion = 10.0.40219.1
Project("{FAE04EC0-301F-11D3-BF4B-00C04F79EFBC}") = "Aula_14_09_2023", "Aula_14_09_2023\Aula_14_09_2023.csproj", "{13C3FAAB-AD01-4869-BC19-7D29AAAB8F6C}"
EndProject
Global
	GlobalSection(SolutionConfigurationPlatforms) = preSolution
		Debug|Any CPU = Debug|Any CPU
		Release|Any CPU = Release|Any CPU
	EndGlobalSection
	GlobalSection(ProjectConfigurationPlatforms) = postSolution
		{13C3FAAB-AD01-4869-BC19-7D29AAAB8F6C}.Debug|Any CPU.ActiveCfg = Debug|Any CPU
		{13C3FAAB-AD01-4869-BC19-7D29AAAB8F6C}.Debug|Any CPU.Build.0 = Debug|Any CPU
		{13C3FAAB-AD01-4869-BC19-7D29AAAB8F6C}.Release|Any CPU.ActiveCfg = Release|Any CPU
		{13C3FAAB-AD01-4869-BC19-7D29AAAB8F6C}.Release|Any CPU.Build.0 = Release|Any CPU
	EndGlobalSection
	GlobalSection(SolutionProperties) = preSolution
		HideSolutionNode = FALSE
	EndGlobalSection
	GlobalSection(ExtensibilityGlobals) = postSolution
		SolutionGuid = {20961B6C-AB0B-457D-934D-D11BBB946B9B}
	EndGlobalSection
EndGlobal
